
Microsoft Visual Studio Solution File, Format Version 12.00
# Visual Studio Version 16
VisualStudioVersion = 16.0.30907.101
MinimumVisualStudioVersion = 10.0.40219.1
Project("{FAE04EC0-301F-11D3-BF4B-00C04F79EFBC}") = "Bottle", "Bottle\Bottle.csproj", "{BA535E41-906B-413D-A8EB-B835C18136FB}"
EndProject
Global
	GlobalSection(SolutionConfigurationPlatforms) = preSolution
		Debug|Any CPU = Debug|Any CPU
		Release|Any CPU = Release|Any CPU
	EndGlobalSection
	GlobalSection(ProjectConfigurationPlatforms) = postSolution
		{BA535E41-906B-413D-A8EB-B835C18136FB}.Debug|Any CPU.ActiveCfg = Debug|Any CPU
		{BA535E41-906B-413D-A8EB-B835C18136FB}.Debug|Any CPU.Build.0 = Debug|Any CPU
		{BA535E41-906B-413D-A8EB-B835C18136FB}.Release|Any CPU.ActiveCfg = Release|Any CPU
		{BA535E41-906B-413D-A8EB-B835C18136FB}.Release|Any CPU.Build.0 = Release|Any CPU
	EndGlobalSection
	GlobalSection(SolutionProperties) = preSolution
		HideSolutionNode = FALSE
	EndGlobalSection
	GlobalSection(ExtensibilityGlobals) = postSolution
		SolutionGuid = {AF216578-D9B0-4177-9D82-0CD65964D3D8}
	EndGlobalSection
EndGlobal
