
Microsoft Visual Studio Solution File, Format Version 12.00
# Visual Studio Version 16
VisualStudioVersion = 16.0.30907.101
MinimumVisualStudioVersion = 10.0.40219.1
Project("{FAE04EC0-301F-11D3-BF4B-00C04F79EFBC}") = "BottleUI", "Bottle\BottleUI.csproj", "{BA535E41-906B-413D-A8EB-B835C18136FB}"
EndProject
Project("{FAE04EC0-301F-11D3-BF4B-00C04F79EFBC}") = "Bottle", "BottleNew\Bottle.csproj", "{C442C10D-154D-4045-B846-EAE55E221606}"
EndProject
Project("{FAE04EC0-301F-11D3-BF4B-00C04F79EFBC}") = "BottleParametrs", "BottleParametrs\BottleParametrs.csproj", "{579F5D04-D7BC-4CFC-B3CC-1EAA32FA9BD3}"
EndProject
Project("{FAE04EC0-301F-11D3-BF4B-00C04F79EFBC}") = "Bottle.Tests", "Bottle.Tests\Bottle.Tests.csproj", "{A76F9926-D99D-475A-B50D-48964383F008}"
EndProject
Global
	GlobalSection(SolutionConfigurationPlatforms) = preSolution
		Debug|Any CPU = Debug|Any CPU
		Release|Any CPU = Release|Any CPU
	EndGlobalSection
	GlobalSection(ProjectConfigurationPlatforms) = postSolution
		{BA535E41-906B-413D-A8EB-B835C18136FB}.Debug|Any CPU.ActiveCfg = Debug|Any CPU
		{BA535E41-906B-413D-A8EB-B835C18136FB}.Debug|Any CPU.Build.0 = Debug|Any CPU
		{BA535E41-906B-413D-A8EB-B835C18136FB}.Release|Any CPU.ActiveCfg = Release|Any CPU
		{BA535E41-906B-413D-A8EB-B835C18136FB}.Release|Any CPU.Build.0 = Release|Any CPU
		{C442C10D-154D-4045-B846-EAE55E221606}.Debug|Any CPU.ActiveCfg = Debug|Any CPU
		{C442C10D-154D-4045-B846-EAE55E221606}.Debug|Any CPU.Build.0 = Debug|Any CPU
		{C442C10D-154D-4045-B846-EAE55E221606}.Release|Any CPU.ActiveCfg = Release|Any CPU
		{C442C10D-154D-4045-B846-EAE55E221606}.Release|Any CPU.Build.0 = Release|Any CPU
		{579F5D04-D7BC-4CFC-B3CC-1EAA32FA9BD3}.Debug|Any CPU.ActiveCfg = Debug|Any CPU
		{579F5D04-D7BC-4CFC-B3CC-1EAA32FA9BD3}.Debug|Any CPU.Build.0 = Debug|Any CPU
		{579F5D04-D7BC-4CFC-B3CC-1EAA32FA9BD3}.Release|Any CPU.ActiveCfg = Release|Any CPU
		{579F5D04-D7BC-4CFC-B3CC-1EAA32FA9BD3}.Release|Any CPU.Build.0 = Release|Any CPU
		{A76F9926-D99D-475A-B50D-48964383F008}.Debug|Any CPU.ActiveCfg = Debug|Any CPU
		{A76F9926-D99D-475A-B50D-48964383F008}.Debug|Any CPU.Build.0 = Debug|Any CPU
		{A76F9926-D99D-475A-B50D-48964383F008}.Release|Any CPU.ActiveCfg = Release|Any CPU
		{A76F9926-D99D-475A-B50D-48964383F008}.Release|Any CPU.Build.0 = Release|Any CPU
	EndGlobalSection
	GlobalSection(SolutionProperties) = preSolution
		HideSolutionNode = FALSE
	EndGlobalSection
	GlobalSection(ExtensibilityGlobals) = postSolution
		SolutionGuid = {AF216578-D9B0-4177-9D82-0CD65964D3D8}
	EndGlobalSection
EndGlobal
